{
  "name": "VISUAL MANAGEMENT SYSTEM",
  "lockfileVersion": 3,
  "requires": true,
  "packages": {
    "": {
      "dependencies": {
        "jquery-editable-select": "^2.2.5"
      }
    },
    "node_modules/jquery": {
      "version": "3.6.4",
      "resolved": "https://registry.npmjs.org/jquery/-/jquery-3.6.4.tgz",
      "integrity": "sha512-v28EW9DWDFpzcD9O5iyJXg3R3+q+mET5JhnjJzQUZMHOv67bpSIHq81GEYpPNZHG+XXHsfSme3nxp/hndKEcsQ=="
    },
    "node_modules/jquery-editable-select": {
      "version": "2.2.5",
      "resolved": "https://registry.npmjs.org/jquery-editable-select/-/jquery-editable-select-2.2.5.tgz",
      "integrity": "sha512-ok3ws1X9a24ws/wMu4h/CaVEMkytVNqTeOX1O7aU65d4Ty+/olC56/m9Md5yfjVw3vCjfCTTWeY2/DdkVTgmSQ==",
      "dependencies": {
        "jquery": ">=1.1.1"
      }
    }
  }
}
